// !$*UTF8*$!
{
	archiveVersion = 1;
	classes = {
	};
	objectVersion = 46;
	objects = {

/* Begin PBXBuildFile section */
		6DDA94611A432BFB00A59F3E /* main.m in Sources */ = {isa = PBXBuildFile; fileRef = 6DDA94601A432BFB00A59F3E /* main.m */; };
		6DDA94641A432BFB00A59F3E /* AppDelegate.m in Sources */ = {isa = PBXBuildFile; fileRef = 6DDA94631A432BFB00A59F3E /* AppDelegate.m */; };
		6DDA94671A432BFB00A59F3E /* ViewController.m in Sources */ = {isa = PBXBuildFile; fileRef = 6DDA94661A432BFB00A59F3E /* ViewController.m */; };
		6DDA946A1A432BFB00A59F3E /* Main.storyboard in Resources */ = {isa = PBXBuildFile; fileRef = 6DDA94681A432BFB00A59F3E /* Main.storyboard */; };
		6DDA946C1A432BFB00A59F3E /* Images.xcassets in Resources */ = {isa = PBXBuildFile; fileRef = 6DDA946B1A432BFB00A59F3E /* Images.xcassets */; };
		6DDA946F1A432BFB00A59F3E /* LaunchScreen.xib in Resources */ = {isa = PBXBuildFile; fileRef = 6DDA946D1A432BFB00A59F3E /* LaunchScreen.xib */; };
		6DDA947B1A432BFC00A59F3E /* FakeWeiboNavigationBarTests.m in Sources */ = {isa = PBXBuildFile; fileRef = 6DDA947A1A432BFC00A59F3E /* FakeWeiboNavigationBarTests.m */; };
		6DDA94861A43B57200A59F3E /* InteractionViewController.m in Sources */ = {isa = PBXBuildFile; fileRef = 6DDA94851A43B57200A59F3E /* InteractionViewController.m */; };
/* End PBXBuildFile section */

/* Begin PBXContainerItemProxy section */
		6DDA94751A432BFC00A59F3E /* PBXContainerItemProxy */ = {
			isa = PBXContainerItemProxy;
			containerPortal = 6DDA94531A432BFB00A59F3E /* Project object */;
			proxyType = 1;
			remoteGlobalIDString = 6DDA945A1A432BFB00A59F3E;
			remoteInfo = FakeWeiboNavigationBar;
		};
/* End PBXContainerItemProxy section */

/* Begin PBXFileReference section */
		6DDA945B1A432BFB00A59F3E /* FakeWeiboNavigationBar.app */ = {isa = PBXFileReference; explicitFileType = wrapper.application; includeInIndex = 0; path = FakeWeiboNavigationBar.app; sourceTree = BUILT_PRODUCTS_DIR; };
		6DDA945F1A432BFB00A59F3E /* Info.plist */ = {isa = PBXFileReference; lastKnownFileType = text.plist.xml; path = Info.plist; sourceTree = "<group>"; };
		6DDA94601A432BFB00A59F3E /* main.m */ = {isa = PBXFileReference; lastKnownFileType = sourcecode.c.objc; path = main.m; sourceTree = "<group>"; };
		6DDA94621A432BFB00A59F3E /* AppDelegate.h */ = {isa = PBXFileReference; lastKnownFileType = sourcecode.c.h; path = AppDelegate.h; sourceTree = "<group>"; };
		6DDA94631A432BFB00A59F3E /* AppDelegate.m */ = {isa = PBXFileReference; lastKnownFileType = sourcecode.c.objc; path = AppDelegate.m; sourceTree = "<group>"; };
		6DDA94651A432BFB00A59F3E /* ViewController.h */ = {isa = PBXFileReference; lastKnownFileType = sourcecode.c.h; path = ViewController.h; sourceTree = "<group>"; };
		6DDA94661A432BFB00A59F3E /* ViewController.m */ = {isa = PBXFileReference; lastKnownFileType = sourcecode.c.objc; path = ViewController.m; sourceTree = "<group>"; };
		6DDA94691A432BFB00A59F3E /* Base */ = {isa = PBXFileReference; lastKnownFileType = file.storyboard; name = Base; path = Base.lproj/Main.storyboard; sourceTree = "<group>"; };
		6DDA946B1A432BFB00A59F3E /* Images.xcassets */ = {isa = PBXFileReference; lastKnownFileType = folder.assetcatalog; path = Images.xcassets; sourceTree = "<group>"; };
		6DDA946E1A432BFB00A59F3E /* Base */ = {isa = PBXFileReference; lastKnownFileType = file.xib; name = Base; path = Base.lproj/LaunchScreen.xib; sourceTree = "<group>"; };
		6DDA94741A432BFC00A59F3E /* FakeWeiboNavigationBarTests.xctest */ = {isa = PBXFileReference; explicitFileType = wrapper.cfbundle; includeInIndex = 0; path = FakeWeiboNavigationBarTests.xctest; sourceTree = BUILT_PRODUCTS_DIR; };
		6DDA94791A432BFC00A59F3E /* Info.plist */ = {isa = PBXFileReference; lastKnownFileType = text.plist.xml; path = Info.plist; sourceTree = "<group>"; };
		6DDA947A1A432BFC00A59F3E /* FakeWeiboNavigationBarTests.m */ = {isa = PBXFileReference; lastKnownFileType = sourcecode.c.objc; path = FakeWeiboNavigationBarTests.m; sourceTree = "<group>"; };
		6DDA94841A43B57200A59F3E /* InteractionViewController.h */ = {isa = PBXFileReference; fileEncoding = 4; lastKnownFileType = sourcecode.c.h; path = InteractionViewController.h; sourceTree = "<group>"; };
		6DDA94851A43B57200A59F3E /* InteractionViewController.m */ = {isa = PBXFileReference; fileEncoding = 4; lastKnownFileType = sourcecode.c.objc; path = InteractionViewController.m; sourceTree = "<group>"; };
/* End PBXFileReference section */

/* Begin PBXFrameworksBuildPhase section */
		6DDA94581A432BFB00A59F3E /* Frameworks */ = {
			isa = PBXFrameworksBuildPhase;
			buildActionMask = 2147483647;
			files = (
			);
			runOnlyForDeploymentPostprocessing = 0;
		};
		6DDA94711A432BFC00A59F3E /* Frameworks */ = {
			isa = PBXFrameworksBuildPhase;
			buildActionMask = 2147483647;
			files = (
			);
			runOnlyForDeploymentPostprocessing = 0;
		};
/* End PBXFrameworksBuildPhase section */

/* Begin PBXGroup section */
		6DDA94521A432BFB00A59F3E = {
			isa = PBXGroup;
			children = (
				6DDA945D1A432BFB00A59F3E /* FakeWeiboNavigationBar */,
				6DDA94771A432BFC00A59F3E /* FakeWeiboNavigationBarTests */,
				6DDA945C1A432BFB00A59F3E /* Products */,
			);
			sourceTree = "<group>";
		};
		6DDA945C1A432BFB00A59F3E /* Products */ = {
			isa = PBXGroup;
			children = (
				6DDA945B1A432BFB00A59F3E /* FakeWeiboNavigationBar.app */,
				6DDA94741A432BFC00A59F3E /* FakeWeiboNavigationBarTests.xctest */,
			);
			name = Products;
			sourceTree = "<group>";
		};
		6DDA945D1A432BFB00A59F3E /* FakeWeiboNavigationBar */ = {
			isa = PBXGroup;
			children = (
				6DDA94621A432BFB00A59F3E /* AppDelegate.h */,
				6DDA94631A432BFB00A59F3E /* AppDelegate.m */,
				6DDA94651A432BFB00A59F3E /* ViewController.h */,
				6DDA94661A432BFB00A59F3E /* ViewController.m */,
				6DDA94841A43B57200A59F3E /* InteractionViewController.h */,
				6DDA94851A43B57200A59F3E /* InteractionViewController.m */,
				6DDA94681A432BFB00A59F3E /* Main.storyboard */,
				6DDA946B1A432BFB00A59F3E /* Images.xcassets */,
				6DDA946D1A432BFB00A59F3E /* LaunchScreen.xib */,
				6DDA945E1A432BFB00A59F3E /* Supporting Files */,
			);
			path = FakeWeiboNavigationBar;
			sourceTree = "<group>";
		};
		6DDA945E1A432BFB00A59F3E /* Supporting Files */ = {
			isa = PBXGroup;
			children = (
				6DDA945F1A432BFB00A59F3E /* Info.plist */,
				6DDA94601A432BFB00A59F3E /* main.m */,
			);
			name = "Supporting Files";
			sourceTree = "<group>";
		};
		6DDA94771A432BFC00A59F3E /* FakeWeiboNavigationBarTests */ = {
			isa = PBXGroup;
			children = (
				6DDA947A1A432BFC00A59F3E /* FakeWeiboNavigationBarTests.m */,
				6DDA94781A432BFC00A59F3E /* Supporting Files */,
			);
			path = FakeWeiboNavigationBarTests;
			sourceTree = "<group>";
		};
		6DDA94781A432BFC00A59F3E /* Supporting Files */ = {
			isa = PBXGroup;
			children = (
				6DDA94791A432BFC00A59F3E /* Info.plist */,
			);
			name = "Supporting Files";
			sourceTree = "<group>";
		};
/* End PBXGroup section */

/* Begin PBXNativeTarget section */
		6DDA945A1A432BFB00A59F3E /* FakeWeiboNavigationBar */ = {
			isa = PBXNativeTarget;
			buildConfigurationList = 6DDA947E1A432BFC00A59F3E /* Build configuration list for PBXNativeTarget "FakeWeiboNavigationBar" */;
			buildPhases = (
				6DDA94571A432BFB00A59F3E /* Sources */,
				6DDA94581A432BFB00A59F3E /* Frameworks */,
				6DDA94591A432BFB00A59F3E /* Resources */,
			);
			buildRules = (
			);
			dependencies = (
			);
			name = FakeWeiboNavigationBar;
			productName = FakeWeiboNavigationBar;
			productReference = 6DDA945B1A432BFB00A59F3E /* FakeWeiboNavigationBar.app */;
			productType = "com.apple.product-type.application";
		};
		6DDA94731A432BFC00A59F3E /* FakeWeiboNavigationBarTests */ = {
			isa = PBXNativeTarget;
			buildConfigurationList = 6DDA94811A432BFC00A59F3E /* Build configuration list for PBXNativeTarget "FakeWeiboNavigationBarTests" */;
			buildPhases = (
				6DDA94701A432BFC00A59F3E /* Sources */,
				6DDA94711A432BFC00A59F3E /* Frameworks */,
				6DDA94721A432BFC00A59F3E /* Resources */,
			);
			buildRules = (
			);
			dependencies = (
				6DDA94761A432BFC00A59F3E /* PBXTargetDependency */,
			);
			name = FakeWeiboNavigationBarTests;
			productName = FakeWeiboNavigationBarTests;
			productReference = 6DDA94741A432BFC00A59F3E /* FakeWeiboNavigationBarTests.xctest */;
			productType = "com.apple.product-type.bundle.unit-test";
		};
/* End PBXNativeTarget section */

/* Begin PBXProject section */
		6DDA94531A432BFB00A59F3E /* Project object */ = {
			isa = PBXProject;
			attributes = {
				LastUpgradeCheck = 0610;
				ORGANIZATIONNAME = zhangnan;
				TargetAttributes = {
					6DDA945A1A432BFB00A59F3E = {
						CreatedOnToolsVersion = 6.1;
					};
					6DDA94731A432BFC00A59F3E = {
						CreatedOnToolsVersion = 6.1;
						TestTargetID = 6DDA945A1A432BFB00A59F3E;
					};
				};
			};
			buildConfigurationList = 6DDA94561A432BFB00A59F3E /* Build configuration list for PBXProject "FakeWeiboNavigationBar" */;
			compatibilityVersion = "Xcode 3.2";
			developmentRegion = English;
			hasScannedForEncodings = 0;
			knownRegions = (
				en,
				Base,
			);
			mainGroup = 6DDA94521A432BFB00A59F3E;
			productRefGroup = 6DDA945C1A432BFB00A59F3E /* Products */;
			projectDirPath = "";
			projectRoot = "";
			targets = (
				6DDA945A1A432BFB00A59F3E /* FakeWeiboNavigationBar */,
				6DDA94731A432BFC00A59F3E /* FakeWeiboNavigationBarTests */,
			);
		};
/* End PBXProject section */

/* Begin PBXResourcesBuildPhase section */
		6DDA94591A432BFB00A59F3E /* Resources */ = {
			isa = PBXResourcesBuildPhase;
			buildActionMask = 2147483647;
			files = (
				6DDA946A1A432BFB00A59F3E /* Main.storyboard in Resources */,
				6DDA946F1A432BFB00A59F3E /* LaunchScreen.xib in Resources */,
				6DDA946C1A432BFB00A59F3E /* Images.xcassets in Resources */,
			);
			runOnlyForDeploymentPostprocessing = 0;
		};
		6DDA94721A432BFC00A59F3E /* Resources */ = {
			isa = PBXResourcesBuildPhase;
			buildActionMask = 2147483647;
			files = (
			);
			runOnlyForDeploymentPostprocessing = 0;
		};
/* End PBXResourcesBuildPhase section */

/* Begin PBXSourcesBuildPhase section */
		6DDA94571A432BFB00A59F3E /* Sources */ = {
			isa = PBXSourcesBuildPhase;
			buildActionMask = 2147483647;
			files = (
				6DDA94671A432BFB00A59F3E /* ViewController.m in Sources */,
				6DDA94861A43B57200A59F3E /* InteractionViewController.m in Sources */,
				6DDA94641A432BFB00A59F3E /* AppDelegate.m in Sources */,
				6DDA94611A432BFB00A59F3E /* main.m in Sources */,
			);
			runOnlyForDeploymentPostprocessing = 0;
		};
		6DDA94701A432BFC00A59F3E /* Sources */ = {
			isa = PBXSourcesBuildPhase;
			buildActionMask = 2147483647;
			files = (
				6DDA947B1A432BFC00A59F3E /* FakeWeiboNavigationBarTests.m in Sources */,
			);
			runOnlyForDeploymentPostprocessing = 0;
		};
/* End PBXSourcesBuildPhase section */

/* Begin PBXTargetDependency section */
		6DDA94761A432BFC00A59F3E /* PBXTargetDependency */ = {
			isa = PBXTargetDependency;
			target = 6DDA945A1A432BFB00A59F3E /* FakeWeiboNavigationBar */;
			targetProxy = 6DDA94751A432BFC00A59F3E /* PBXContainerItemProxy */;
		};
/* End PBXTargetDependency section */

/* Begin PBXVariantGroup section */
		6DDA94681A432BFB00A59F3E /* Main.storyboard */ = {
			isa = PBXVariantGroup;
			children = (
				6DDA94691A432BFB00A59F3E /* Base */,
			);
			name = Main.storyboard;
			sourceTree = "<group>";
		};
		6DDA946D1A432BFB00A59F3E /* LaunchScreen.xib */ = {
			isa = PBXVariantGroup;
			children = (
				6DDA946E1A432BFB00A59F3E /* Base */,
			);
			name = LaunchScreen.xib;
			sourceTree = "<group>";
		};
/* End PBXVariantGroup section */

/* Begin XCBuildConfiguration section */
		6DDA947C1A432BFC00A59F3E /* Debug */ = {
			isa = XCBuildConfiguration;
			buildSettings = {
				ALWAYS_SEARCH_USER_PATHS = NO;
				CLANG_CXX_LANGUAGE_STANDARD = "gnu++0x";
				CLANG_CXX_LIBRARY = "libc++";
				CLANG_ENABLE_MODULES = YES;
				CLANG_ENABLE_OBJC_ARC = YES;
				CLANG_WARN_BOOL_CONVERSION = YES;
				CLANG_WARN_CONSTANT_CONVERSION = YES;
				CLANG_WARN_DIRECT_OBJC_ISA_USAGE = YES_ERROR;
				CLANG_WARN_EMPTY_BODY = YES;
				CLANG_WARN_ENUM_CONVERSION = YES;
				CLANG_WARN_INT_CONVERSION = YES;
				CLANG_WARN_OBJC_ROOT_CLASS = YES_ERROR;
				CLANG_WARN_UNREACHABLE_CODE = YES;
				CLANG_WARN__DUPLICATE_METHOD_MATCH = YES;
				"CODE_SIGN_IDENTITY[sdk=iphoneos*]" = "iPhone Developer";
				COPY_PHASE_STRIP = NO;
				ENABLE_STRICT_OBJC_MSGSEND = YES;
				GCC_C_LANGUAGE_STANDARD = gnu99;
				GCC_DYNAMIC_NO_PIC = NO;
				GCC_OPTIMIZATION_LEVEL = 0;
				GCC_PREPROCESSOR_DEFINITIONS = (
					"DEBUG=1",
					"$(inherited)",
				);
				GCC_SYMBOLS_PRIVATE_EXTERN = NO;
				GCC_WARN_64_TO_32_BIT_CONVERSION = YES;
				GCC_WARN_ABOUT_RETURN_TYPE = YES_ERROR;
				GCC_WARN_UNDECLARED_SELECTOR = YES;
				GCC_WARN_UNINITIALIZED_AUTOS = YES_AGGRESSIVE;
				GCC_WARN_UNUSED_FUNCTION = YES;
				GCC_WARN_UNUSED_VARIABLE = YES;
				IPHONEOS_DEPLOYMENT_TARGET = 8.1;
				MTL_ENABLE_DEBUG_INFO = YES;
				ONLY_ACTIVE_ARCH = YES;
				SDKROOT = iphoneos;
			};
			name = Debug;
		};
		6DDA947D1A432BFC00A59F3E /* Release */ = {
			isa = XCBuildConfiguration;
			buildSettings = {
				ALWAYS_SEARCH_USER_PATHS = NO;
				CLANG_CXX_LANGUAGE_STANDARD = "gnu++0x";
				CLANG_CXX_LIBRARY = "libc++";
				CLANG_ENABLE_MODULES = YES;
				CLANG_ENABLE_OBJC_ARC = YES;
				CLANG_WARN_BOOL_CONVERSION = YES;
				CLANG_WARN_CONSTANT_CONVERSION = YES;
				CLANG_WARN_DIRECT_OBJC_ISA_USAGE = YES_ERROR;
				CLANG_WARN_EMPTY_BODY = YES;
				CLANG_WARN_ENUM_CONVERSION = YES;
				CLANG_WARN_INT_CONVERSION = YES;
				CLANG_WARN_OBJC_ROOT_CLASS = YES_ERROR;
				CLANG_WARN_UNREACHABLE_CODE = YES;
				CLANG_WARN__DUPLICATE_METHOD_MATCH = YES;
				"CODE_SIGN_IDENTITY[sdk=iphoneos*]" = "iPhone Developer";
				COPY_PHASE_STRIP = YES;
				ENABLE_NS_ASSERTIONS = NO;
				ENABLE_STRICT_OBJC_MSGSEND = YES;
				GCC_C_LANGUAGE_STANDARD = gnu99;
				GCC_WARN_64_TO_32_BIT_CONVERSION = YES;
				GCC_WARN_ABOUT_RETURN_TYPE = YES_ERROR;
				GCC_WARN_UNDECLARED_SELECTOR = YES;
				GCC_WARN_UNINITIALIZED_AUTOS = YES_AGGRESSIVE;
				GCC_WARN_UNUSED_FUNCTION = YES;
				GCC_WARN_UNUSED_VARIABLE = YES;
				IPHONEOS_DEPLOYMENT_TARGET = 8.1;
				MTL_ENABLE_DEBUG_INFO = NO;
				SDKROOT = iphoneos;
				VALIDATE_PRODUCT = YES;
			};
			name = Release;
		};
		6DDA947F1A432BFC00A59F3E /* Debug */ = {
			isa = XCBuildConfiguration;
			buildSettings = {
				ASSETCATALOG_COMPILER_APPICON_NAME = AppIcon;
				INFOPLIST_FILE = FakeWeiboNavigationBar/Info.plist;
				LD_RUNPATH_SEARCH_PATHS = "$(inherited) @executable_path/Frameworks";
				PRODUCT_NAME = "$(TARGET_NAME)";
			};
			name = Debug;
		};
		6DDA94801A432BFC00A59F3E /* Release */ = {
			isa = XCBuildConfiguration;
			buildSettings = {
				ASSETCATALOG_COMPILER_APPICON_NAME = AppIcon;
				INFOPLIST_FILE = FakeWeiboNavigationBar/Info.plist;
				LD_RUNPATH_SEARCH_PATHS = "$(inherited) @executable_path/Frameworks";
				PRODUCT_NAME = "$(TARGET_NAME)";
			};
			name = Release;
		};
		6DDA94821A432BFC00A59F3E /* Debug */ = {
			isa = XCBuildConfiguration;
			buildSettings = {
				BUNDLE_LOADER = "$(TEST_HOST)";
				FRAMEWORK_SEARCH_PATHS = (
					"$(SDKROOT)/Developer/Library/Frameworks",
					"$(inherited)",
				);
				GCC_PREPROCESSOR_DEFINITIONS = (
					"DEBUG=1",
					"$(inherited)",
				);
				INFOPLIST_FILE = FakeWeiboNavigationBarTests/Info.plist;
				LD_RUNPATH_SEARCH_PATHS = "$(inherited) @executable_path/Frameworks @loader_path/Frameworks";
				PRODUCT_NAME = "$(TARGET_NAME)";
				TEST_HOST = "$(BUILT_PRODUCTS_DIR)/FakeWeiboNavigationBar.app/FakeWeiboNavigationBar";
			};
			name = Debug;
		};
		6DDA94831A432BFC00A59F3E /* Release */ = {
			isa = XCBuildConfiguration;
			buildSettings = {
				BUNDLE_LOADER = "$(TEST_HOST)";
				FRAMEWORK_SEARCH_PATHS = (
					"$(SDKROOT)/Developer/Library/Frameworks",
					"$(inherited)",
				);
				INFOPLIST_FILE = FakeWeiboNavigationBarTests/Info.plist;
				LD_RUNPATH_SEARCH_PATHS = "$(inherited) @executable_path/Frameworks @loader_path/Frameworks";
				PRODUCT_NAME = "$(TARGET_NAME)";
				TEST_HOST = "$(BUILT_PRODUCTS_DIR)/FakeWeiboNavigationBar.app/FakeWeiboNavigationBar";
			};
			name = Release;
		};
/* End XCBuildConfiguration section */

/* Begin XCConfigurationList section */
		6DDA94561A432BFB00A59F3E /* Build configuration list for PBXProject "FakeWeiboNavigationBar" */ = {
			isa = XCConfigurationList;
			buildConfigurations = (
				6DDA947C1A432BFC00A59F3E /* Debug */,
				6DDA947D1A432BFC00A59F3E /* Release */,
			);
			defaultConfigurationIsVisible = 0;
			defaultConfigurationName = Release;
		};
		6DDA947E1A432BFC00A59F3E /* Build configuration list for PBXNativeTarget "FakeWeiboNavigationBar" */ = {
			isa = XCConfigurationList;
			buildConfigurations = (
				6DDA947F1A432BFC00A59F3E /* Debug */,
				6DDA94801A432BFC00A59F3E /* Release */,
			);
			defaultConfigurationIsVisible = 0;
		};
		6DDA94811A432BFC00A59F3E /* Build configuration list for PBXNativeTarget "FakeWeiboNavigationBarTests" */ = {
			isa = XCConfigurationList;
			buildConfigurations = (
				6DDA94821A432BFC00A59F3E /* Debug */,
				6DDA94831A432BFC00A59F3E /* Release */,
			);
			defaultConfigurationIsVisible = 0;
		};
/* End XCConfigurationList section */
	};
	rootObject = 6DDA94531A432BFB00A59F3E /* Project object */;
}
